
Microsoft Visual Studio Solution File, Format Version 12.00
# Visual Studio Version 17
VisualStudioVersion = 17.3.32922.545
MinimumVisualStudioVersion = 10.0.40219.1
Project("{FAE04EC0-301F-11D3-BF4B-00C04F79EFBC}") = "Demo_Resort", "Demo_Resort\Demo_Resort.csproj", "{3E496783-AAD7-4E76-B030-783C40542257}"
EndProject
Global
	GlobalSection(SolutionConfigurationPlatforms) = preSolution
		Debug|Any CPU = Debug|Any CPU
		Release|Any CPU = Release|Any CPU
	EndGlobalSection
	GlobalSection(ProjectConfigurationPlatforms) = postSolution
		{3E496783-AAD7-4E76-B030-783C40542257}.Debug|Any CPU.ActiveCfg = Debug|Any CPU
		{3E496783-AAD7-4E76-B030-783C40542257}.Debug|Any CPU.Build.0 = Debug|Any CPU
		{3E496783-AAD7-4E76-B030-783C40542257}.Release|Any CPU.ActiveCfg = Release|Any CPU
		{3E496783-AAD7-4E76-B030-783C40542257}.Release|Any CPU.Build.0 = Release|Any CPU
	EndGlobalSection
	GlobalSection(SolutionProperties) = preSolution
		HideSolutionNode = FALSE
	EndGlobalSection
	GlobalSection(ExtensibilityGlobals) = postSolution
		SolutionGuid = {D7D71E56-C0D9-412F-844A-44C1BF0C2799}
	EndGlobalSection
EndGlobal
